PODS:
  - KRActivityIndicatorView (3.0.7)

DEPENDENCIES:
  - KRActivityIndicatorView (~> 3.0)

SPEC REPOS:
  trunk:
    - KRActivityIndicatorView

SPEC CHECKSUMS:
  KRActivityIndicatorView: ad69e89c4ce40c986cf580595be4829dcad0e35a

PODFILE CHECKSUM: 899287f7f84b11eb77290793bb5bf46daf5cf427

COCOAPODS: 1.10.1
