// !$*UTF8*$!
{
	archiveVersion = 1;
	classes = {
	};
	objectVersion = 51;
	objects = {

/* Begin PBXBuildFile section */
		5590406D484E6DB9D8AA465F /* Pods_DrinkStreet.framework in Frameworks */ = {isa = PBXBuildFile; fileRef = B123A01353022BBC06A793D4 /* Pods_DrinkStreet.framework */; };
		FE09EDD526A9C9F500CD13CF /* AppDelegate.swift in Sources */ = {isa = PBXBuildFile; fileRef = FE09EDD426A9C9F500CD13CF /* AppDelegate.swift */; };
		FE09EDD726A9C9F500CD13CF /* SceneDelegate.swift in Sources */ = {isa = PBXBuildFile; fileRef = FE09EDD626A9C9F500CD13CF /* SceneDelegate.swift */; };
		FE09EDD926A9C9F500CD13CF /* BartenderDetailViewController.swift in Sources */ = {isa = PBXBuildFile; fileRef = FE09EDD826A9C9F500CD13CF /* BartenderDetailViewController.swift */; };
		FE09EDDC26A9C9F500CD13CF /* Main.storyboard in Resources */ = {isa = PBXBuildFile; fileRef = FE09EDDA26A9C9F500CD13CF /* Main.storyboard */; };
		FE09EDDE26A9C9F600CD13CF /* Assets.xcassets in Resources */ = {isa = PBXBuildFile; fileRef = FE09EDDD26A9C9F600CD13CF /* Assets.xcassets */; };
		FE09EDE126A9C9F600CD13CF /* LaunchScreen.storyboard in Resources */ = {isa = PBXBuildFile; fileRef = FE09EDDF26A9C9F600CD13CF /* LaunchScreen.storyboard */; };
		FE09EDE926A9CC5A00CD13CF /* BartenderModel.swift in Sources */ = {isa = PBXBuildFile; fileRef = FE09EDE826A9CC5A00CD13CF /* BartenderModel.swift */; };
		FE09EDEB26A9CC7C00CD13CF /* BartenderProvider.swift in Sources */ = {isa = PBXBuildFile; fileRef = FE09EDEA26A9CC7C00CD13CF /* BartenderProvider.swift */; };
		FE09EDED26A9CCDA00CD13CF /* BartenderListCell.swift in Sources */ = {isa = PBXBuildFile; fileRef = FE09EDEC26A9CCDA00CD13CF /* BartenderListCell.swift */; };
		FE09EDEF26A9CDD700CD13CF /* BartenderTableViewController.swift in Sources */ = {isa = PBXBuildFile; fileRef = FE09EDEE26A9CDD700CD13CF /* BartenderTableViewController.swift */; };
		FE2BC82926B6F981007E2FE6 /* BartenderFirstTabBar.swift in Sources */ = {isa = PBXBuildFile; fileRef = FE2BC82826B6F981007E2FE6 /* BartenderFirstTabBar.swift */; };
		FE51D51026B036BC0057F6DF /* CategoryTableViewCell.swift in Sources */ = {isa = PBXBuildFile; fileRef = FE51D50F26B036BC0057F6DF /* CategoryTableViewCell.swift */; };
		FE51D51226B0370D0057F6DF /* CategoryTableViewController.swift in Sources */ = {isa = PBXBuildFile; fileRef = FE51D51126B0370D0057F6DF /* CategoryTableViewController.swift */; };
		FE53FB7F26B3EC6700D214E8 /* BartenderCollectionViewController.swift in Sources */ = {isa = PBXBuildFile; fileRef = FE53FB7E26B3EC6700D214E8 /* BartenderCollectionViewController.swift */; };
		FE53FB8126B3ED6D00D214E8 /* BartenderCollectionViewCell.swift in Sources */ = {isa = PBXBuildFile; fileRef = FE53FB8026B3ED6D00D214E8 /* BartenderCollectionViewCell.swift */; };
		FE53FB8326B3F0CE00D214E8 /* BartenderCategoryTableView.swift in Sources */ = {isa = PBXBuildFile; fileRef = FE53FB8226B3F0CE00D214E8 /* BartenderCategoryTableView.swift */; };
		FE53FB8526B3F0FD00D214E8 /* BartenderCategoryCell.swift in Sources */ = {isa = PBXBuildFile; fileRef = FE53FB8426B3F0FD00D214E8 /* BartenderCategoryCell.swift */; };
		FE9304FA26AEAA210001466F /* FavouriteViewController.swift in Sources */ = {isa = PBXBuildFile; fileRef = FE9304F926AEAA210001466F /* FavouriteViewController.swift */; };
		FEA18A8D26ADA87400757905 /* FavouriteViewCell.swift in Sources */ = {isa = PBXBuildFile; fileRef = FEA18A8C26ADA87400757905 /* FavouriteViewCell.swift */; };
/* End PBXBuildFile section */

/* Begin PBXFileReference section */
		B123A01353022BBC06A793D4 /* Pods_DrinkStreet.framework */ = {isa = PBXFileReference; explicitFileType = wrapper.framework; includeInIndex = 0; path = Pods_DrinkStreet.framework; sourceTree = BUILT_PRODUCTS_DIR; };
		CB886F1BDABC5554672C8B54 /* Pods-DrinkStreet.debug.xcconfig */ = {isa = PBXFileReference; includeInIndex = 1; lastKnownFileType = text.xcconfig; name = "Pods-DrinkStreet.debug.xcconfig"; path = "Target Support Files/Pods-DrinkStreet/Pods-DrinkStreet.debug.xcconfig"; sourceTree = "<group>"; };
		FB68FA6033405EB26C66D46C /* Pods-DrinkStreet.release.xcconfig */ = {isa = PBXFileReference; includeInIndex = 1; lastKnownFileType = text.xcconfig; name = "Pods-DrinkStreet.release.xcconfig"; path = "Target Support Files/Pods-DrinkStreet/Pods-DrinkStreet.release.xcconfig"; sourceTree = "<group>"; };
		FE09EDD126A9C9F500CD13CF /* DrinkStreet.app */ = {isa = PBXFileReference; explicitFileType = wrapper.application; includeInIndex = 0; path = DrinkStreet.app; sourceTree = BUILT_PRODUCTS_DIR; };
		FE09EDD426A9C9F500CD13CF /* AppDelegate.swift */ = {isa = PBXFileReference; lastKnownFileType = sourcecode.swift; path = AppDelegate.swift; sourceTree = "<group>"; };
		FE09EDD626A9C9F500CD13CF /* SceneDelegate.swift */ = {isa = PBXFileReference; lastKnownFileType = sourcecode.swift; path = SceneDelegate.swift; sourceTree = "<group>"; };
		FE09EDD826A9C9F500CD13CF /* BartenderDetailViewController.swift */ = {isa = PBXFileReference; lastKnownFileType = sourcecode.swift; path = BartenderDetailViewController.swift; sourceTree = "<group>"; };
		FE09EDDB26A9C9F500CD13CF /* Base */ = {isa = PBXFileReference; lastKnownFileType = file.storyboard; name = Base; path = Base.lproj/Main.storyboard; sourceTree = "<group>"; };
		FE09EDDD26A9C9F600CD13CF /* Assets.xcassets */ = {isa = PBXFileReference; lastKnownFileType = folder.assetcatalog; path = Assets.xcassets; sourceTree = "<group>"; };
		FE09EDE026A9C9F600CD13CF /* Base */ = {isa = PBXFileReference; lastKnownFileType = file.storyboard; name = Base; path = Base.lproj/LaunchScreen.storyboard; sourceTree = "<group>"; };
		FE09EDE226A9C9F600CD13CF /* Info.plist */ = {isa = PBXFileReference; lastKnownFileType = text.plist.xml; path = Info.plist; sourceTree = "<group>"; };
		FE09EDE826A9CC5A00CD13CF /* BartenderModel.swift */ = {isa = PBXFileReference; lastKnownFileType = sourcecode.swift; path = BartenderModel.swift; sourceTree = "<group>"; };
		FE09EDEA26A9CC7C00CD13CF /* BartenderProvider.swift */ = {isa = PBXFileReference; lastKnownFileType = sourcecode.swift; path = BartenderProvider.swift; sourceTree = "<group>"; };
		FE09EDEC26A9CCDA00CD13CF /* BartenderListCell.swift */ = {isa = PBXFileReference; lastKnownFileType = sourcecode.swift; path = BartenderListCell.swift; sourceTree = "<group>"; };
		FE09EDEE26A9CDD700CD13CF /* BartenderTableViewController.swift */ = {isa = PBXFileReference; lastKnownFileType = sourcecode.swift; path = BartenderTableViewController.swift; sourceTree = "<group>"; };
		FE2BC82826B6F981007E2FE6 /* BartenderFirstTabBar.swift */ = {isa = PBXFileReference; lastKnownFileType = sourcecode.swift; path = BartenderFirstTabBar.swift; sourceTree = "<group>"; };
		FE51D50F26B036BC0057F6DF /* CategoryTableViewCell.swift */ = {isa = PBXFileReference; lastKnownFileType = sourcecode.swift; path = CategoryTableViewCell.swift; sourceTree = "<group>"; };
		FE51D51126B0370D0057F6DF /* CategoryTableViewController.swift */ = {isa = PBXFileReference; lastKnownFileType = sourcecode.swift; path = CategoryTableViewController.swift; sourceTree = "<group>"; };
		FE53FB7E26B3EC6700D214E8 /* BartenderCollectionViewController.swift */ = {isa = PBXFileReference; lastKnownFileType = sourcecode.swift; path = BartenderCollectionViewController.swift; sourceTree = "<group>"; };
		FE53FB8026B3ED6D00D214E8 /* BartenderCollectionViewCell.swift */ = {isa = PBXFileReference; lastKnownFileType = sourcecode.swift; path = BartenderCollectionViewCell.swift; sourceTree = "<group>"; };
		FE53FB8226B3F0CE00D214E8 /* BartenderCategoryTableView.swift */ = {isa = PBXFileReference; lastKnownFileType = sourcecode.swift; path = BartenderCategoryTableView.swift; sourceTree = "<group>"; };
		FE53FB8426B3F0FD00D214E8 /* BartenderCategoryCell.swift */ = {isa = PBXFileReference; lastKnownFileType = sourcecode.swift; path = BartenderCategoryCell.swift; sourceTree = "<group>"; };
		FE9304F926AEAA210001466F /* FavouriteViewController.swift */ = {isa = PBXFileReference; lastKnownFileType = sourcecode.swift; path = FavouriteViewController.swift; sourceTree = "<group>"; };
		FEA18A8C26ADA87400757905 /* FavouriteViewCell.swift */ = {isa = PBXFileReference; lastKnownFileType = sourcecode.swift; path = FavouriteViewCell.swift; sourceTree = "<group>"; };
/* End PBXFileReference section */

/* Begin PBXFrameworksBuildPhase section */
		FE09EDCE26A9C9F500CD13CF /* Frameworks */ = {
			isa = PBXFrameworksBuildPhase;
			buildActionMask = 2147483647;
			files = (
				5590406D484E6DB9D8AA465F /* Pods_DrinkStreet.framework in Frameworks */,
			);
			runOnlyForDeploymentPostprocessing = 0;
		};
/* End PBXFrameworksBuildPhase section */

/* Begin PBXGroup section */
		DF4532B3181307EFE3AB2AC8 /* Pods */ = {
			isa = PBXGroup;
			children = (
				CB886F1BDABC5554672C8B54 /* Pods-DrinkStreet.debug.xcconfig */,
				FB68FA6033405EB26C66D46C /* Pods-DrinkStreet.release.xcconfig */,
			);
			path = Pods;
			sourceTree = "<group>";
		};
		E2DBBA97E29399F6F98179AC /* Frameworks */ = {
			isa = PBXGroup;
			children = (
				B123A01353022BBC06A793D4 /* Pods_DrinkStreet.framework */,
			);
			name = Frameworks;
			sourceTree = "<group>";
		};
		FE09EDC826A9C9F500CD13CF = {
			isa = PBXGroup;
			children = (
				FE09EDD326A9C9F500CD13CF /* DrinkStreet */,
				FE09EDD226A9C9F500CD13CF /* Products */,
				DF4532B3181307EFE3AB2AC8 /* Pods */,
				E2DBBA97E29399F6F98179AC /* Frameworks */,
			);
			sourceTree = "<group>";
		};
		FE09EDD226A9C9F500CD13CF /* Products */ = {
			isa = PBXGroup;
			children = (
				FE09EDD126A9C9F500CD13CF /* DrinkStreet.app */,
			);
			name = Products;
			sourceTree = "<group>";
		};
		FE09EDD326A9C9F500CD13CF /* DrinkStreet */ = {
			isa = PBXGroup;
			children = (
				FE2BC82726B6F88A007E2FE6 /* Model */,
				FE51D50E26B0352B0057F6DF /* Category */,
				FE9304FC26AEAA570001466F /* Favourite */,
				FE9304FB26AEAA2C0001466F /* HomeView */,
				FE09EDD426A9C9F500CD13CF /* AppDelegate.swift */,
				FE09EDD626A9C9F500CD13CF /* SceneDelegate.swift */,
				FE09EDDA26A9C9F500CD13CF /* Main.storyboard */,
				FE09EDDD26A9C9F600CD13CF /* Assets.xcassets */,
				FE09EDDF26A9C9F600CD13CF /* LaunchScreen.storyboard */,
				FE09EDE226A9C9F600CD13CF /* Info.plist */,
				FE2BC82826B6F981007E2FE6 /* BartenderFirstTabBar.swift */,
			);
			path = DrinkStreet;
			sourceTree = "<group>";
		};
		FE2BC82726B6F88A007E2FE6 /* Model */ = {
			isa = PBXGroup;
			children = (
				FE09EDEA26A9CC7C00CD13CF /* BartenderProvider.swift */,
				FE09EDE826A9CC5A00CD13CF /* BartenderModel.swift */,
			);
			path = Model;
			sourceTree = "<group>";
		};
		FE51D50E26B0352B0057F6DF /* Category */ = {
			isa = PBXGroup;
			children = (
				FE51D50F26B036BC0057F6DF /* CategoryTableViewCell.swift */,
				FE51D51126B0370D0057F6DF /* CategoryTableViewController.swift */,
				FE53FB7E26B3EC6700D214E8 /* BartenderCollectionViewController.swift */,
				FE53FB8026B3ED6D00D214E8 /* BartenderCollectionViewCell.swift */,
				FE53FB8226B3F0CE00D214E8 /* BartenderCategoryTableView.swift */,
				FE53FB8426B3F0FD00D214E8 /* BartenderCategoryCell.swift */,
			);
			path = Category;
			sourceTree = "<group>";
		};
		FE9304FB26AEAA2C0001466F /* HomeView */ = {
			isa = PBXGroup;
			children = (
				FE09EDD826A9C9F500CD13CF /* BartenderDetailViewController.swift */,
				FE09EDEE26A9CDD700CD13CF /* BartenderTableViewController.swift */,
				FE09EDEC26A9CCDA00CD13CF /* BartenderListCell.swift */,
			);
			path = HomeView;
			sourceTree = "<group>";
		};
		FE9304FC26AEAA570001466F /* Favourite */ = {
			isa = PBXGroup;
			children = (
				FE9304F926AEAA210001466F /* FavouriteViewController.swift */,
				FEA18A8C26ADA87400757905 /* FavouriteViewCell.swift */,
			);
			path = Favourite;
			sourceTree = "<group>";
		};
/* End PBXGroup section */

/* Begin PBXNativeTarget section */
		FE09EDD026A9C9F500CD13CF /* DrinkStreet */ = {
			isa = PBXNativeTarget;
			buildConfigurationList = FE09EDE526A9C9F600CD13CF /* Build configuration list for PBXNativeTarget "DrinkStreet" */;
			buildPhases = (
				1A37A1F63E879A1BBFFD6C89 /* [CP] Check Pods Manifest.lock */,
				FE09EDCD26A9C9F500CD13CF /* Sources */,
				FE09EDCE26A9C9F500CD13CF /* Frameworks */,
				FE09EDCF26A9C9F500CD13CF /* Resources */,
				1D3B9AEFA16CCFF040F1791A /* [CP] Embed Pods Frameworks */,
			);
			buildRules = (
			);
			dependencies = (
			);
			name = DrinkStreet;
			productName = DrinkStreet;
			productReference = FE09EDD126A9C9F500CD13CF /* DrinkStreet.app */;
			productType = "com.apple.product-type.application";
		};
/* End PBXNativeTarget section */

/* Begin PBXProject section */
		FE09EDC926A9C9F500CD13CF /* Project object */ = {
			isa = PBXProject;
			attributes = {
				LastSwiftUpdateCheck = 1250;
				LastUpgradeCheck = 1250;
				TargetAttributes = {
					FE09EDD026A9C9F500CD13CF = {
						CreatedOnToolsVersion = 12.5.1;
					};
				};
			};
			buildConfigurationList = FE09EDCC26A9C9F500CD13CF /* Build configuration list for PBXProject "DrinkStreet" */;
			compatibilityVersion = "Xcode 9.3";
			developmentRegion = en;
			hasScannedForEncodings = 0;
			knownRegions = (
				en,
				Base,
			);
			mainGroup = FE09EDC826A9C9F500CD13CF;
			productRefGroup = FE09EDD226A9C9F500CD13CF /* Products */;
			projectDirPath = "";
			projectRoot = "";
			targets = (
				FE09EDD026A9C9F500CD13CF /* DrinkStreet */,
			);
		};
/* End PBXProject section */

/* Begin PBXResourcesBuildPhase section */
		FE09EDCF26A9C9F500CD13CF /* Resources */ = {
			isa = PBXResourcesBuildPhase;
			buildActionMask = 2147483647;
			files = (
				FE09EDE126A9C9F600CD13CF /* LaunchScreen.storyboard in Resources */,
				FE09EDDE26A9C9F600CD13CF /* Assets.xcassets in Resources */,
				FE09EDDC26A9C9F500CD13CF /* Main.storyboard in Resources */,
			);
			runOnlyForDeploymentPostprocessing = 0;
		};
/* End PBXResourcesBuildPhase section */

/* Begin PBXShellScriptBuildPhase section */
		1A37A1F63E879A1BBFFD6C89 /* [CP] Check Pods Manifest.lock */ = {
			isa = PBXShellScriptBuildPhase;
			buildActionMask = 2147483647;
			files = (
			);
			inputFileListPaths = (
			);
			inputPaths = (
				"${PODS_PODFILE_DIR_PATH}/Podfile.lock",
				"${PODS_ROOT}/Manifest.lock",
			);
			name = "[CP] Check Pods Manifest.lock";
			outputFileListPaths = (
			);
			outputPaths = (
				"$(DERIVED_FILE_DIR)/Pods-DrinkStreet-checkManifestLockResult.txt",
			);
			runOnlyForDeploymentPostprocessing = 0;
			shellPath = /bin/sh;
			shellScript = "diff \"${PODS_PODFILE_DIR_PATH}/Podfile.lock\" \"${PODS_ROOT}/Manifest.lock\" > /dev/null\nif [ $? != 0 ] ; then\n    # print error to STDERR\n    echo \"error: The sandbox is not in sync with the Podfile.lock. Run 'pod install' or update your CocoaPods installation.\" >&2\n    exit 1\nfi\n# This output is used by Xcode 'outputs' to avoid re-running this script phase.\necho \"SUCCESS\" > \"${SCRIPT_OUTPUT_FILE_0}\"\n";
			showEnvVarsInLog = 0;
		};
		1D3B9AEFA16CCFF040F1791A /* [CP] Embed Pods Frameworks */ = {
			isa = PBXShellScriptBuildPhase;
			buildActionMask = 2147483647;
			files = (
			);
			inputFileListPaths = (
				"${PODS_ROOT}/Target Support Files/Pods-DrinkStreet/Pods-DrinkStreet-frameworks-${CONFIGURATION}-input-files.xcfilelist",
			);
			name = "[CP] Embed Pods Frameworks";
			outputFileListPaths = (
				"${PODS_ROOT}/Target Support Files/Pods-DrinkStreet/Pods-DrinkStreet-frameworks-${CONFIGURATION}-output-files.xcfilelist",
			);
			runOnlyForDeploymentPostprocessing = 0;
			shellPath = /bin/sh;
			shellScript = "\"${PODS_ROOT}/Target Support Files/Pods-DrinkStreet/Pods-DrinkStreet-frameworks.sh\"\n";
			showEnvVarsInLog = 0;
		};
/* End PBXShellScriptBuildPhase section */

/* Begin PBXSourcesBuildPhase section */
		FE09EDCD26A9C9F500CD13CF /* Sources */ = {
			isa = PBXSourcesBuildPhase;
			buildActionMask = 2147483647;
			files = (
				FE2BC82926B6F981007E2FE6 /* BartenderFirstTabBar.swift in Sources */,
				FE53FB7F26B3EC6700D214E8 /* BartenderCollectionViewController.swift in Sources */,
				FE09EDEF26A9CDD700CD13CF /* BartenderTableViewController.swift in Sources */,
				FE53FB8326B3F0CE00D214E8 /* BartenderCategoryTableView.swift in Sources */,
				FE09EDD926A9C9F500CD13CF /* BartenderDetailViewController.swift in Sources */,
				FE9304FA26AEAA210001466F /* FavouriteViewController.swift in Sources */,
				FE09EDD526A9C9F500CD13CF /* AppDelegate.swift in Sources */,
				FE51D51226B0370D0057F6DF /* CategoryTableViewController.swift in Sources */,
				FE09EDEB26A9CC7C00CD13CF /* BartenderProvider.swift in Sources */,
				FE53FB8526B3F0FD00D214E8 /* BartenderCategoryCell.swift in Sources */,
				FE51D51026B036BC0057F6DF /* CategoryTableViewCell.swift in Sources */,
				FE09EDED26A9CCDA00CD13CF /* BartenderListCell.swift in Sources */,
				FE09EDD726A9C9F500CD13CF /* SceneDelegate.swift in Sources */,
				FEA18A8D26ADA87400757905 /* FavouriteViewCell.swift in Sources */,
				FE53FB8126B3ED6D00D214E8 /* BartenderCollectionViewCell.swift in Sources */,
				FE09EDE926A9CC5A00CD13CF /* BartenderModel.swift in Sources */,
			);
			runOnlyForDeploymentPostprocessing = 0;
		};
/* End PBXSourcesBuildPhase section */

/* Begin PBXVariantGroup section */
		FE09EDDA26A9C9F500CD13CF /* Main.storyboard */ = {
			isa = PBXVariantGroup;
			children = (
				FE09EDDB26A9C9F500CD13CF /* Base */,
			);
			name = Main.storyboard;
			sourceTree = "<group>";
		};
		FE09EDDF26A9C9F600CD13CF /* LaunchScreen.storyboard */ = {
			isa = PBXVariantGroup;
			children = (
				FE09EDE026A9C9F600CD13CF /* Base */,
			);
			name = LaunchScreen.storyboard;
			sourceTree = "<group>";
		};
/* End PBXVariantGroup section */

/* Begin XCBuildConfiguration section */
		FE09EDE326A9C9F600CD13CF /* Debug */ = {
			isa = XCBuildConfiguration;
			buildSettings = {
				ALWAYS_SEARCH_USER_PATHS = NO;
				CLANG_ANALYZER_NONNULL = YES;
				CLANG_ANALYZER_NUMBER_OBJECT_CONVERSION = YES_AGGRESSIVE;
				CLANG_CXX_LANGUAGE_STANDARD = "gnu++14";
				CLANG_CXX_LIBRARY = "libc++";
				CLANG_ENABLE_MODULES = YES;
				CLANG_ENABLE_OBJC_ARC = YES;
				CLANG_ENABLE_OBJC_WEAK = YES;
				CLANG_WARN_BLOCK_CAPTURE_AUTORELEASING = YES;
				CLANG_WARN_BOOL_CONVERSION = YES;
				CLANG_WARN_COMMA = YES;
				CLANG_WARN_CONSTANT_CONVERSION = YES;
				CLANG_WARN_DEPRECATED_OBJC_IMPLEMENTATIONS = YES;
				CLANG_WARN_DIRECT_OBJC_ISA_USAGE = YES_ERROR;
				CLANG_WARN_DOCUMENTATION_COMMENTS = YES;
				CLANG_WARN_EMPTY_BODY = YES;
				CLANG_WARN_ENUM_CONVERSION = YES;
				CLANG_WARN_INFINITE_RECURSION = YES;
				CLANG_WARN_INT_CONVERSION = YES;
				CLANG_WARN_NON_LITERAL_NULL_CONVERSION = YES;
				CLANG_WARN_OBJC_IMPLICIT_RETAIN_SELF = YES;
				CLANG_WARN_OBJC_LITERAL_CONVERSION = YES;
				CLANG_WARN_OBJC_ROOT_CLASS = YES_ERROR;
				CLANG_WARN_QUOTED_INCLUDE_IN_FRAMEWORK_HEADER = YES;
				CLANG_WARN_RANGE_LOOP_ANALYSIS = YES;
				CLANG_WARN_STRICT_PROTOTYPES = YES;
				CLANG_WARN_SUSPICIOUS_MOVE = YES;
				CLANG_WARN_UNGUARDED_AVAILABILITY = YES_AGGRESSIVE;
				CLANG_WARN_UNREACHABLE_CODE = YES;
				CLANG_WARN__DUPLICATE_METHOD_MATCH = YES;
				COPY_PHASE_STRIP = NO;
				DEBUG_INFORMATION_FORMAT = dwarf;
				ENABLE_STRICT_OBJC_MSGSEND = YES;
				ENABLE_TESTABILITY = YES;
				GCC_C_LANGUAGE_STANDARD = gnu11;
				GCC_DYNAMIC_NO_PIC = NO;
				GCC_NO_COMMON_BLOCKS = YES;
				GCC_OPTIMIZATION_LEVEL = 0;
				GCC_PREPROCESSOR_DEFINITIONS = (
					"DEBUG=1",
					"$(inherited)",
				);
				GCC_WARN_64_TO_32_BIT_CONVERSION = YES;
				GCC_WARN_ABOUT_RETURN_TYPE = YES_ERROR;
				GCC_WARN_UNDECLARED_SELECTOR = YES;
				GCC_WARN_UNINITIALIZED_AUTOS = YES_AGGRESSIVE;
				GCC_WARN_UNUSED_FUNCTION = YES;
				GCC_WARN_UNUSED_VARIABLE = YES;
				IPHONEOS_DEPLOYMENT_TARGET = 14.5;
				MTL_ENABLE_DEBUG_INFO = INCLUDE_SOURCE;
				MTL_FAST_MATH = YES;
				ONLY_ACTIVE_ARCH = YES;
				SDKROOT = iphoneos;
				SWIFT_ACTIVE_COMPILATION_CONDITIONS = DEBUG;
				SWIFT_OPTIMIZATION_LEVEL = "-Onone";
			};
			name = Debug;
		};
		FE09EDE426A9C9F600CD13CF /* Release */ = {
			isa = XCBuildConfiguration;
			buildSettings = {
				ALWAYS_SEARCH_USER_PATHS = NO;
				CLANG_ANALYZER_NONNULL = YES;
				CLANG_ANALYZER_NUMBER_OBJECT_CONVERSION = YES_AGGRESSIVE;
				CLANG_CXX_LANGUAGE_STANDARD = "gnu++14";
				CLANG_CXX_LIBRARY = "libc++";
				CLANG_ENABLE_MODULES = YES;
				CLANG_ENABLE_OBJC_ARC = YES;
				CLANG_ENABLE_OBJC_WEAK = YES;
				CLANG_WARN_BLOCK_CAPTURE_AUTORELEASING = YES;
				CLANG_WARN_BOOL_CONVERSION = YES;
				CLANG_WARN_COMMA = YES;
				CLANG_WARN_CONSTANT_CONVERSION = YES;
				CLANG_WARN_DEPRECATED_OBJC_IMPLEMENTATIONS = YES;
				CLANG_WARN_DIRECT_OBJC_ISA_USAGE = YES_ERROR;
				CLANG_WARN_DOCUMENTATION_COMMENTS = YES;
				CLANG_WARN_EMPTY_BODY = YES;
				CLANG_WARN_ENUM_CONVERSION = YES;
				CLANG_WARN_INFINITE_RECURSION = YES;
				CLANG_WARN_INT_CONVERSION = YES;
				CLANG_WARN_NON_LITERAL_NULL_CONVERSION = YES;
				CLANG_WARN_OBJC_IMPLICIT_RETAIN_SELF = YES;
				CLANG_WARN_OBJC_LITERAL_CONVERSION = YES;
				CLANG_WARN_OBJC_ROOT_CLASS = YES_ERROR;
				CLANG_WARN_QUOTED_INCLUDE_IN_FRAMEWORK_HEADER = YES;
				CLANG_WARN_RANGE_LOOP_ANALYSIS = YES;
				CLANG_WARN_STRICT_PROTOTYPES = YES;
				CLANG_WARN_SUSPICIOUS_MOVE = YES;
				CLANG_WARN_UNGUARDED_AVAILABILITY = YES_AGGRESSIVE;
				CLANG_WARN_UNREACHABLE_CODE = YES;
				CLANG_WARN__DUPLICATE_METHOD_MATCH = YES;
				COPY_PHASE_STRIP = NO;
				DEBUG_INFORMATION_FORMAT = "dwarf-with-dsym";
				ENABLE_NS_ASSERTIONS = NO;
				ENABLE_STRICT_OBJC_MSGSEND = YES;
				GCC_C_LANGUAGE_STANDARD = gnu11;
				GCC_NO_COMMON_BLOCKS = YES;
				GCC_WARN_64_TO_32_BIT_CONVERSION = YES;
				GCC_WARN_ABOUT_RETURN_TYPE = YES_ERROR;
				GCC_WARN_UNDECLARED_SELECTOR = YES;
				GCC_WARN_UNINITIALIZED_AUTOS = YES_AGGRESSIVE;
				GCC_WARN_UNUSED_FUNCTION = YES;
				GCC_WARN_UNUSED_VARIABLE = YES;
				IPHONEOS_DEPLOYMENT_TARGET = 14.5;
				MTL_ENABLE_DEBUG_INFO = NO;
				MTL_FAST_MATH = YES;
				SDKROOT = iphoneos;
				SWIFT_COMPILATION_MODE = wholemodule;
				SWIFT_OPTIMIZATION_LEVEL = "-O";
				VALIDATE_PRODUCT = YES;
			};
			name = Release;
		};
		FE09EDE626A9C9F600CD13CF /* Debug */ = {
			isa = XCBuildConfiguration;
			baseConfigurationReference = CB886F1BDABC5554672C8B54 /* Pods-DrinkStreet.debug.xcconfig */;
			buildSettings = {
				ASSETCATALOG_COMPILER_APPICON_NAME = AppIcon;
				ASSETCATALOG_COMPILER_GLOBAL_ACCENT_COLOR_NAME = AccentColor;
				CODE_SIGN_STYLE = Automatic;
				INFOPLIST_FILE = DrinkStreet/Info.plist;
				LD_RUNPATH_SEARCH_PATHS = (
					"$(inherited)",
					"@executable_path/Frameworks",
				);
				PRODUCT_BUNDLE_IDENTIFIER = glucode.DrinkStreet;
				PRODUCT_NAME = "$(TARGET_NAME)";
				SWIFT_VERSION = 5.0;
				TARGETED_DEVICE_FAMILY = "1,2";
			};
			name = Debug;
		};
		FE09EDE726A9C9F600CD13CF /* Release */ = {
			isa = XCBuildConfiguration;
			baseConfigurationReference = FB68FA6033405EB26C66D46C /* Pods-DrinkStreet.release.xcconfig */;
			buildSettings = {
				ASSETCATALOG_COMPILER_APPICON_NAME = AppIcon;
				ASSETCATALOG_COMPILER_GLOBAL_ACCENT_COLOR_NAME = AccentColor;
				CODE_SIGN_STYLE = Automatic;
				INFOPLIST_FILE = DrinkStreet/Info.plist;
				LD_RUNPATH_SEARCH_PATHS = (
					"$(inherited)",
					"@executable_path/Frameworks",
				);
				PRODUCT_BUNDLE_IDENTIFIER = glucode.DrinkStreet;
				PRODUCT_NAME = "$(TARGET_NAME)";
				SWIFT_VERSION = 5.0;
				TARGETED_DEVICE_FAMILY = "1,2";
			};
			name = Release;
		};
/* End XCBuildConfiguration section */

/* Begin XCConfigurationList section */
		FE09EDCC26A9C9F500CD13CF /* Build configuration list for PBXProject "DrinkStreet" */ = {
			isa = XCConfigurationList;
			buildConfigurations = (
				FE09EDE326A9C9F600CD13CF /* Debug */,
				FE09EDE426A9C9F600CD13CF /* Release */,
			);
			defaultConfigurationIsVisible = 0;
			defaultConfigurationName = Release;
		};
		FE09EDE526A9C9F600CD13CF /* Build configuration list for PBXNativeTarget "DrinkStreet" */ = {
			isa = XCConfigurationList;
			buildConfigurations = (
				FE09EDE626A9C9F600CD13CF /* Debug */,
				FE09EDE726A9C9F600CD13CF /* Release */,
			);
			defaultConfigurationIsVisible = 0;
			defaultConfigurationName = Release;
		};
/* End XCConfigurationList section */
	};
	rootObject = FE09EDC926A9C9F500CD13CF /* Project object */;
}
